
Microsoft Visual Studio Solution File, Format Version 12.00
# Visual Studio Version 16
VisualStudioVersion = 16.0.31005.135
MinimumVisualStudioVersion = 10.0.40219.1
Project("{2150E333-8FDC-42A3-9474-1A3956D46DE8}") = "FirstFile", "FirstFile", "{AFECAC21-F0A3-45A3-BBD0-545A2451ACD9}"
EndProject
Project("{2150E333-8FDC-42A3-9474-1A3956D46DE8}") = "Problem-1-2-4", "Problem-1-2-4", "{75CAD05E-D980-49E5-9176-86862211639D}"
	ProjectSection(SolutionItems) = preProject
		Problem-1-2-4-Pool-Text.md = Problem-1-2-4-Pool-Text.md
	EndProjectSection
EndProject
Project("{9A19103F-16F7-4668-BE54-9A1E7A4F7556}") = "Problem-1-2-4-Pool", "Problem-1-Pool\Problem-1-2-4-Pool.csproj", "{F011FE42-3A40-46EB-9B77-94C1ECA5EB6B}"
EndProject
Project("{2150E333-8FDC-42A3-9474-1A3956D46DE8}") = "Problem-3", "Problem-3", "{19E2A9E4-E8F0-44FA-8067-0884B48B8218}"
	ProjectSection(SolutionItems) = preProject
		Problem-3-CoordSystem-Text.txt = Problem-3-CoordSystem-Text.txt
	EndProjectSection
EndProject
Project("{9A19103F-16F7-4668-BE54-9A1E7A4F7556}") = "Problem-3-CoordSystem", "Problem-3-CoordSystem\Problem-3-CoordSystem.csproj", "{859D6808-662F-4CD4-90BD-7215387A15D2}"
EndProject
Project("{2150E333-8FDC-42A3-9474-1A3956D46DE8}") = "Problem-5", "Problem-5", "{8F7290D0-19D2-4E7B-8540-27CF2EDA215A}"
	ProjectSection(SolutionItems) = preProject
		Problem-5-Products-Text.md = Problem-5-Products-Text.md
	EndProjectSection
EndProject
Project("{FAE04EC0-301F-11D3-BF4B-00C04F79EFBC}") = "Problem-5-Products", "Problem-5-Products\Problem-5-Products.csproj", "{AB94927F-8648-406D-8159-8C48CCB6C6C8}"
EndProject
Project("{2150E333-8FDC-42A3-9474-1A3956D46DE8}") = "Problem-6", "Problem-6", "{04BCE902-58DA-465A-AE26-8752A5A6F7E3}"
	ProjectSection(SolutionItems) = preProject
		Problem-6-Bachelor.md = Problem-6-Bachelor.md
	EndProjectSection
EndProject
Project("{9A19103F-16F7-4668-BE54-9A1E7A4F7556}") = "Problem-6-Bachelor", "Problem-6-Bachelor\Problem-6-Bachelor.csproj", "{4B4040A5-8412-4A1B-A2B9-ECE3CAAE7718}"
EndProject
Project("{2150E333-8FDC-42A3-9474-1A3956D46DE8}") = "Problem-7", "Problem-7", "{778B8EA0-0A80-4A18-BC37-7299A8DAB952}"
	ProjectSection(SolutionItems) = preProject
		Problem-7-Hospital-Text.md = Problem-7-Hospital-Text.md
	EndProjectSection
EndProject
Project("{FAE04EC0-301F-11D3-BF4B-00C04F79EFBC}") = "Problem-7-Hospital", "Problem-7-Hospital\Problem-7-Hospital.csproj", "{E6FD3A35-2F54-4D1B-B595-5BC12CD28821}"
EndProject
Project("{2150E333-8FDC-42A3-9474-1A3956D46DE8}") = "Problem-8-9", "Problem-8-9", "{82FD1039-28AE-48C5-9D70-8C07F70D2033}"
	ProjectSection(SolutionItems) = preProject
		Problem-8-School-Text.md = Problem-8-School-Text.md
		Problem-9-School-Text.md = Problem-9-School-Text.md
	EndProjectSection
EndProject
Project("{9A19103F-16F7-4668-BE54-9A1E7A4F7556}") = "Problem-8-School", "Problem-8-School\Problem-8-School.csproj", "{3B893176-D8AB-4894-A929-557DDCD029D6}"
EndProject
Project("{2150E333-8FDC-42A3-9474-1A3956D46DE8}") = "Problem-10", "Problem-10", "{F0264086-8572-4513-B246-C5CD54659B77}"
	ProjectSection(SolutionItems) = preProject
		Problem-10-Fraction-Text.md = Problem-10-Fraction-Text.md
	EndProjectSection
EndProject
Project("{9A19103F-16F7-4668-BE54-9A1E7A4F7556}") = "Problem-10-Fraction", "Problem-10-Fracture\Problem-10-Fraction.csproj", "{6F20CC40-4767-4412-87D4-CBF7D40B868B}"
EndProject
Project("{2150E333-8FDC-42A3-9474-1A3956D46DE8}") = "Problem-11", "Problem-11", "{D994D15A-142E-473E-BA6B-2A8C927D94A7}"
	ProjectSection(SolutionItems) = preProject
		Problem-11-CStudent-Text.md = Problem-11-CStudent-Text.md
	EndProjectSection
EndProject
Project("{9A19103F-16F7-4668-BE54-9A1E7A4F7556}") = "Problem-11-CStudent", "Problem-10-CStudent\Problem-11-CStudent.csproj", "{43CE322C-3FE0-44FB-AB28-0760A0287346}"
EndProject
Project("{2150E333-8FDC-42A3-9474-1A3956D46DE8}") = "ArrayProblems", "ArrayProblems", "{98F2F63A-2EAE-440A-9F66-7C09E3A48F3E}"
EndProject
Project("{9A19103F-16F7-4668-BE54-9A1E7A4F7556}") = "Problem-1-Array", "Problem-1\Problem-1-Array.csproj", "{FE5662F0-17B1-4C36-87C6-780D8B8B2A61}"
EndProject
Project("{FAE04EC0-301F-11D3-BF4B-00C04F79EFBC}") = "Problem-2-Array", "Problem-2-Array\Problem-2-Array.csproj", "{8FF8F047-3072-43B2-9EB7-579DAD1B2A64}"
EndProject
Project("{9A19103F-16F7-4668-BE54-9A1E7A4F7556}") = "Problem-3-Array", "Problem-3-Array\Problem-3-Array.csproj", "{7D9F96B6-A97D-49E8-B63A-B3B275196892}"
EndProject
Project("{9A19103F-16F7-4668-BE54-9A1E7A4F7556}") = "Problem-4-Array", "Problem-4-Array\Problem-4-Array.csproj", "{583A0E8D-2BBF-44E8-9512-599F02CDED79}"
EndProject
Project("{2150E333-8FDC-42A3-9474-1A3956D46DE8}") = "DictionaryProblem", "DictionaryProblem", "{08DFEF54-F459-4591-B784-3C2B982549D3}"
EndProject
Project("{FAE04EC0-301F-11D3-BF4B-00C04F79EFBC}") = "Problem-1-Dictionary", "Problem-1-Dictionary\Problem-1-Dictionary.csproj", "{CAAC948A-FDA1-40DD-87C1-AD6869955DE6}"
EndProject
Project("{2150E333-8FDC-42A3-9474-1A3956D46DE8}") = "ADTProblems", "ADTProblems", "{A7F23891-AD83-438F-9E2A-54593D861389}"
EndProject
Project("{9A19103F-16F7-4668-BE54-9A1E7A4F7556}") = "Problem-1-ADT", "Problem-1-ADT\Problem-1-ADT.csproj", "{0C4412F0-4F9C-42BE-8336-9F127C8CC0D7}"
EndProject
Project("{9A19103F-16F7-4668-BE54-9A1E7A4F7556}") = "Problem-2-ADT", "Problem-2-ADT\Problem-2-ADT.csproj", "{04AD5029-08A2-43E4-ADCB-A92BE9B2408D}"
EndProject
Project("{9A19103F-16F7-4668-BE54-9A1E7A4F7556}") = "Problem-3-ADT", "Problem-3-ADT\Problem-3-ADT.csproj", "{19A1C3D1-0CB6-4EB2-AE21-9B32C8FAE820}"
EndProject
Project("{2150E333-8FDC-42A3-9474-1A3956D46DE8}") = "ArrayAlgorithmProblems", "ArrayAlgorithmProblems", "{01130550-950C-4181-926C-EBDBE8683AFE}"
EndProject
Project("{FAE04EC0-301F-11D3-BF4B-00C04F79EFBC}") = "Problem-1-ArrayAlgorithms", "Problem-1-ArrayAlgorithms\Problem-1-ArrayAlgorithms.csproj", "{59A5FC4C-9209-4AD3-88C5-D1501B4DCB13}"
EndProject
Project("{FAE04EC0-301F-11D3-BF4B-00C04F79EFBC}") = "Problem-2-ArrayAlgorithms", "Problem-2-ArrayAlgorithms\Problem-2-ArrayAlgorithms.csproj", "{C1C4CE08-123F-4642-A87E-003DCAE88B30}"
EndProject
Project("{9A19103F-16F7-4668-BE54-9A1E7A4F7556}") = "Problem-3-ArrayAlgorithms", "Problem-3-ArrayAlgorithms\Problem-3-ArrayAlgorithms.csproj", "{F906EBFF-6D93-4729-81EE-B44F313FCE4E}"
EndProject
Project("{9A19103F-16F7-4668-BE54-9A1E7A4F7556}") = "Problem-4-ArrayAlgorithms", "Problem-4-ArrayAlgorithms\Problem-4-ArrayAlgorithms.csproj", "{7699AB64-3EA2-4555-B197-05BF78B4CE01}"
EndProject
Project("{FAE04EC0-301F-11D3-BF4B-00C04F79EFBC}") = "Problem-5-ArrayAlgorithms", "Problem-5-ArrayAlgorithms\Problem-5-ArrayAlgorithms.csproj", "{F155ED19-F3E1-4952-8BFB-F2CFA9611792}"
EndProject
Project("{2150E333-8FDC-42A3-9474-1A3956D46DE8}") = "TwoDimensionalArrays", "TwoDimensionalArrays", "{748B96B1-EA76-43CD-9968-1B3BFCA5B2F9}"
EndProject
Project("{9A19103F-16F7-4668-BE54-9A1E7A4F7556}") = "Problem-1-TwoDimensionalArray", "Problem-1-TwoDimensionalArray\Problem-1-TwoDimensionalArray.csproj", "{A7012BDF-C7A2-4AB3-834E-616B75AD2EDB}"
EndProject
Project("{9A19103F-16F7-4668-BE54-9A1E7A4F7556}") = "Problem-2-TwoDimensionalArrays", "Problem-2-TwoDimensionalArrays\Problem-2-TwoDimensionalArrays.csproj", "{F2966AF0-538A-46B7-A5A5-7EF99881324D}"
EndProject
Project("{FAE04EC0-301F-11D3-BF4B-00C04F79EFBC}") = "Problem-3-TwoDimensionalArrays", "Problem-3-TwoDimensionalArrays\Problem-3-TwoDimensionalArrays.csproj", "{2E98DCF2-E5A0-4502-AD9A-0A2BDA49B230}"
EndProject
Project("{2150E333-8FDC-42A3-9474-1A3956D46DE8}") = "DocumentOne", "DocumentOne", "{E9D5209A-E754-4C3F-B61A-00C40C2FDE6D}"
EndProject
Project("{9A19103F-16F7-4668-BE54-9A1E7A4F7556}") = "Problem-1-DocumentOne", "Problem-1-DocumentOne\Problem-1-DocumentOne.csproj", "{40F8C3ED-4A7E-4749-97F7-62C9714FE1C0}"
EndProject
Project("{9A19103F-16F7-4668-BE54-9A1E7A4F7556}") = "Problem-2-DocumentOne", "Problem-2-DocumentOne\Problem-2-DocumentOne.csproj", "{A6F0B71E-EAF1-40AC-94F1-BEC6571B7EC9}"
EndProject
Project("{9A19103F-16F7-4668-BE54-9A1E7A4F7556}") = "Problem-3-DocumentOne", "Problem-3-DocumentOne\Problem-3-DocumentOne.csproj", "{091D1CA3-40F8-4D84-8237-ABF85196CFC7}"
EndProject
Project("{9A19103F-16F7-4668-BE54-9A1E7A4F7556}") = "Problem-4-DocumentOne", "Problem-4-DocumentOne\Problem-4-DocumentOne.csproj", "{6DC5A727-6D64-4B97-9662-8C9BB86D11B8}"
EndProject
Project("{2150E333-8FDC-42A3-9474-1A3956D46DE8}") = "DocumentTwo", "DocumentTwo", "{98AF6F38-28C9-4048-97A0-A2B465B2D603}"
EndProject
Project("{9A19103F-16F7-4668-BE54-9A1E7A4F7556}") = "Problem-1-DocumentTwo", "Problem-1-DocumentTwo\Problem-1-DocumentTwo.csproj", "{5415B47D-4D99-40CE-BC9E-04E60BE1D3EB}"
EndProject
Project("{9A19103F-16F7-4668-BE54-9A1E7A4F7556}") = "Problem-2-DocumentTwo", "Problem-2-DocumentTwo\Problem-2-DocumentTwo.csproj", "{8904FEB9-422B-42C1-8D2C-9F5800CEB754}"
EndProject
Project("{9A19103F-16F7-4668-BE54-9A1E7A4F7556}") = "Problem-3-DocumentTwo", "Problem-3-DocumentTwo\Problem-3-DocumentTwo.csproj", "{B72EB106-076D-4874-8700-C7321F3670C1}"
EndProject
Project("{9A19103F-16F7-4668-BE54-9A1E7A4F7556}") = "Problem-4-DocumentTwo", "Problem-4-DocumentTwo\Problem-4-DocumentTwo.csproj", "{4E74E35B-E290-46D9-8276-F2CD39CED98A}"
EndProject
Project("{2150E333-8FDC-42A3-9474-1A3956D46DE8}") = "DocumentThree", "DocumentThree", "{B67D5142-D1D5-434C-8E5E-20353AF4076E}"
EndProject
Project("{9A19103F-16F7-4668-BE54-9A1E7A4F7556}") = "Problem-1-DocumentThree", "Problem-1-DocumentThree\Problem-1-DocumentThree.csproj", "{EC6024C6-CB67-4B30-A156-4D8E8782FCF6}"
EndProject
Project("{9A19103F-16F7-4668-BE54-9A1E7A4F7556}") = "Problem-2-DocumentThree", "Problem-2-DocumentThree\Problem-2-DocumentThree.csproj", "{B78F0A7D-0B2D-4323-B251-91C4CB6E715F}"
EndProject
Project("{FAE04EC0-301F-11D3-BF4B-00C04F79EFBC}") = "Problem-3-DocumentThree", "Problem-3-DocumentThree\Problem-3-DocumentThree.csproj", "{2250CCEC-9426-430B-AC0F-DE8905E6A413}"
EndProject
Project("{FAE04EC0-301F-11D3-BF4B-00C04F79EFBC}") = "Problem-4-DocumentThree", "Problem-4-DocumentThree\Problem-4-DocumentThree.csproj", "{FF2603C3-A08B-492A-9639-91261F4CDC15}"
EndProject
Global
	GlobalSection(SolutionConfigurationPlatforms) = preSolution
		Debug|Any CPU = Debug|Any CPU
		Release|Any CPU = Release|Any CPU
	EndGlobalSection
	GlobalSection(ProjectConfigurationPlatforms) = postSolution
		{F011FE42-3A40-46EB-9B77-94C1ECA5EB6B}.Debug|Any CPU.ActiveCfg = Debug|Any CPU
		{F011FE42-3A40-46EB-9B77-94C1ECA5EB6B}.Debug|Any CPU.Build.0 = Debug|Any CPU
		{F011FE42-3A40-46EB-9B77-94C1ECA5EB6B}.Release|Any CPU.ActiveCfg = Release|Any CPU
		{F011FE42-3A40-46EB-9B77-94C1ECA5EB6B}.Release|Any CPU.Build.0 = Release|Any CPU
		{859D6808-662F-4CD4-90BD-7215387A15D2}.Debug|Any CPU.ActiveCfg = Debug|Any CPU
		{859D6808-662F-4CD4-90BD-7215387A15D2}.Debug|Any CPU.Build.0 = Debug|Any CPU
		{859D6808-662F-4CD4-90BD-7215387A15D2}.Release|Any CPU.ActiveCfg = Release|Any CPU
		{859D6808-662F-4CD4-90BD-7215387A15D2}.Release|Any CPU.Build.0 = Release|Any CPU
		{AB94927F-8648-406D-8159-8C48CCB6C6C8}.Debug|Any CPU.ActiveCfg = Debug|Any CPU
		{AB94927F-8648-406D-8159-8C48CCB6C6C8}.Debug|Any CPU.Build.0 = Debug|Any CPU
		{AB94927F-8648-406D-8159-8C48CCB6C6C8}.Release|Any CPU.ActiveCfg = Release|Any CPU
		{AB94927F-8648-406D-8159-8C48CCB6C6C8}.Release|Any CPU.Build.0 = Release|Any CPU
		{4B4040A5-8412-4A1B-A2B9-ECE3CAAE7718}.Debug|Any CPU.ActiveCfg = Debug|Any CPU
		{4B4040A5-8412-4A1B-A2B9-ECE3CAAE7718}.Debug|Any CPU.Build.0 = Debug|Any CPU
		{4B4040A5-8412-4A1B-A2B9-ECE3CAAE7718}.Release|Any CPU.ActiveCfg = Release|Any CPU
		{4B4040A5-8412-4A1B-A2B9-ECE3CAAE7718}.Release|Any CPU.Build.0 = Release|Any CPU
		{E6FD3A35-2F54-4D1B-B595-5BC12CD28821}.Debug|Any CPU.ActiveCfg = Debug|Any CPU
		{E6FD3A35-2F54-4D1B-B595-5BC12CD28821}.Debug|Any CPU.Build.0 = Debug|Any CPU
		{E6FD3A35-2F54-4D1B-B595-5BC12CD28821}.Release|Any CPU.ActiveCfg = Release|Any CPU
		{E6FD3A35-2F54-4D1B-B595-5BC12CD28821}.Release|Any CPU.Build.0 = Release|Any CPU
		{3B893176-D8AB-4894-A929-557DDCD029D6}.Debug|Any CPU.ActiveCfg = Debug|Any CPU
		{3B893176-D8AB-4894-A929-557DDCD029D6}.Debug|Any CPU.Build.0 = Debug|Any CPU
		{3B893176-D8AB-4894-A929-557DDCD029D6}.Release|Any CPU.ActiveCfg = Release|Any CPU
		{3B893176-D8AB-4894-A929-557DDCD029D6}.Release|Any CPU.Build.0 = Release|Any CPU
		{6F20CC40-4767-4412-87D4-CBF7D40B868B}.Debug|Any CPU.ActiveCfg = Debug|Any CPU
		{6F20CC40-4767-4412-87D4-CBF7D40B868B}.Debug|Any CPU.Build.0 = Debug|Any CPU
		{6F20CC40-4767-4412-87D4-CBF7D40B868B}.Release|Any CPU.ActiveCfg = Release|Any CPU
		{6F20CC40-4767-4412-87D4-CBF7D40B868B}.Release|Any CPU.Build.0 = Release|Any CPU
		{43CE322C-3FE0-44FB-AB28-0760A0287346}.Debug|Any CPU.ActiveCfg = Debug|Any CPU
		{43CE322C-3FE0-44FB-AB28-0760A0287346}.Debug|Any CPU.Build.0 = Debug|Any CPU
		{43CE322C-3FE0-44FB-AB28-0760A0287346}.Release|Any CPU.ActiveCfg = Release|Any CPU
		{43CE322C-3FE0-44FB-AB28-0760A0287346}.Release|Any CPU.Build.0 = Release|Any CPU
		{FE5662F0-17B1-4C36-87C6-780D8B8B2A61}.Debug|Any CPU.ActiveCfg = Debug|Any CPU
		{FE5662F0-17B1-4C36-87C6-780D8B8B2A61}.Debug|Any CPU.Build.0 = Debug|Any CPU
		{FE5662F0-17B1-4C36-87C6-780D8B8B2A61}.Release|Any CPU.ActiveCfg = Release|Any CPU
		{FE5662F0-17B1-4C36-87C6-780D8B8B2A61}.Release|Any CPU.Build.0 = Release|Any CPU
		{8FF8F047-3072-43B2-9EB7-579DAD1B2A64}.Debug|Any CPU.ActiveCfg = Debug|Any CPU
		{8FF8F047-3072-43B2-9EB7-579DAD1B2A64}.Debug|Any CPU.Build.0 = Debug|Any CPU
		{8FF8F047-3072-43B2-9EB7-579DAD1B2A64}.Release|Any CPU.ActiveCfg = Release|Any CPU
		{8FF8F047-3072-43B2-9EB7-579DAD1B2A64}.Release|Any CPU.Build.0 = Release|Any CPU
		{7D9F96B6-A97D-49E8-B63A-B3B275196892}.Debug|Any CPU.ActiveCfg = Debug|Any CPU
		{7D9F96B6-A97D-49E8-B63A-B3B275196892}.Debug|Any CPU.Build.0 = Debug|Any CPU
		{7D9F96B6-A97D-49E8-B63A-B3B275196892}.Release|Any CPU.ActiveCfg = Release|Any CPU
		{7D9F96B6-A97D-49E8-B63A-B3B275196892}.Release|Any CPU.Build.0 = Release|Any CPU
		{583A0E8D-2BBF-44E8-9512-599F02CDED79}.Debug|Any CPU.ActiveCfg = Debug|Any CPU
		{583A0E8D-2BBF-44E8-9512-599F02CDED79}.Debug|Any CPU.Build.0 = Debug|Any CPU
		{583A0E8D-2BBF-44E8-9512-599F02CDED79}.Release|Any CPU.ActiveCfg = Release|Any CPU
		{583A0E8D-2BBF-44E8-9512-599F02CDED79}.Release|Any CPU.Build.0 = Release|Any CPU
		{CAAC948A-FDA1-40DD-87C1-AD6869955DE6}.Debug|Any CPU.ActiveCfg = Debug|Any CPU
		{CAAC948A-FDA1-40DD-87C1-AD6869955DE6}.Debug|Any CPU.Build.0 = Debug|Any CPU
		{CAAC948A-FDA1-40DD-87C1-AD6869955DE6}.Release|Any CPU.ActiveCfg = Release|Any CPU
		{CAAC948A-FDA1-40DD-87C1-AD6869955DE6}.Release|Any CPU.Build.0 = Release|Any CPU
		{0C4412F0-4F9C-42BE-8336-9F127C8CC0D7}.Debug|Any CPU.ActiveCfg = Debug|Any CPU
		{0C4412F0-4F9C-42BE-8336-9F127C8CC0D7}.Debug|Any CPU.Build.0 = Debug|Any CPU
		{0C4412F0-4F9C-42BE-8336-9F127C8CC0D7}.Release|Any CPU.ActiveCfg = Release|Any CPU
		{0C4412F0-4F9C-42BE-8336-9F127C8CC0D7}.Release|Any CPU.Build.0 = Release|Any CPU
		{04AD5029-08A2-43E4-ADCB-A92BE9B2408D}.Debug|Any CPU.ActiveCfg = Debug|Any CPU
		{04AD5029-08A2-43E4-ADCB-A92BE9B2408D}.Debug|Any CPU.Build.0 = Debug|Any CPU
		{04AD5029-08A2-43E4-ADCB-A92BE9B2408D}.Release|Any CPU.ActiveCfg = Release|Any CPU
		{04AD5029-08A2-43E4-ADCB-A92BE9B2408D}.Release|Any CPU.Build.0 = Release|Any CPU
		{19A1C3D1-0CB6-4EB2-AE21-9B32C8FAE820}.Debug|Any CPU.ActiveCfg = Debug|Any CPU
		{19A1C3D1-0CB6-4EB2-AE21-9B32C8FAE820}.Debug|Any CPU.Build.0 = Debug|Any CPU
		{19A1C3D1-0CB6-4EB2-AE21-9B32C8FAE820}.Release|Any CPU.ActiveCfg = Release|Any CPU
		{19A1C3D1-0CB6-4EB2-AE21-9B32C8FAE820}.Release|Any CPU.Build.0 = Release|Any CPU
		{59A5FC4C-9209-4AD3-88C5-D1501B4DCB13}.Debug|Any CPU.ActiveCfg = Debug|Any CPU
		{59A5FC4C-9209-4AD3-88C5-D1501B4DCB13}.Debug|Any CPU.Build.0 = Debug|Any CPU
		{59A5FC4C-9209-4AD3-88C5-D1501B4DCB13}.Release|Any CPU.ActiveCfg = Release|Any CPU
		{59A5FC4C-9209-4AD3-88C5-D1501B4DCB13}.Release|Any CPU.Build.0 = Release|Any CPU
		{C1C4CE08-123F-4642-A87E-003DCAE88B30}.Debug|Any CPU.ActiveCfg = Debug|Any CPU
		{C1C4CE08-123F-4642-A87E-003DCAE88B30}.Debug|Any CPU.Build.0 = Debug|Any CPU
		{C1C4CE08-123F-4642-A87E-003DCAE88B30}.Release|Any CPU.ActiveCfg = Release|Any CPU
		{C1C4CE08-123F-4642-A87E-003DCAE88B30}.Release|Any CPU.Build.0 = Release|Any CPU
		{F906EBFF-6D93-4729-81EE-B44F313FCE4E}.Debug|Any CPU.ActiveCfg = Debug|Any CPU
		{F906EBFF-6D93-4729-81EE-B44F313FCE4E}.Debug|Any CPU.Build.0 = Debug|Any CPU
		{F906EBFF-6D93-4729-81EE-B44F313FCE4E}.Release|Any CPU.ActiveCfg = Release|Any CPU
		{F906EBFF-6D93-4729-81EE-B44F313FCE4E}.Release|Any CPU.Build.0 = Release|Any CPU
		{7699AB64-3EA2-4555-B197-05BF78B4CE01}.Debug|Any CPU.ActiveCfg = Debug|Any CPU
		{7699AB64-3EA2-4555-B197-05BF78B4CE01}.Debug|Any CPU.Build.0 = Debug|Any CPU
		{7699AB64-3EA2-4555-B197-05BF78B4CE01}.Release|Any CPU.ActiveCfg = Release|Any CPU
		{7699AB64-3EA2-4555-B197-05BF78B4CE01}.Release|Any CPU.Build.0 = Release|Any CPU
		{F155ED19-F3E1-4952-8BFB-F2CFA9611792}.Debug|Any CPU.ActiveCfg = Debug|Any CPU
		{F155ED19-F3E1-4952-8BFB-F2CFA9611792}.Debug|Any CPU.Build.0 = Debug|Any CPU
		{F155ED19-F3E1-4952-8BFB-F2CFA9611792}.Release|Any CPU.ActiveCfg = Release|Any CPU
		{F155ED19-F3E1-4952-8BFB-F2CFA9611792}.Release|Any CPU.Build.0 = Release|Any CPU
		{A7012BDF-C7A2-4AB3-834E-616B75AD2EDB}.Debug|Any CPU.ActiveCfg = Debug|Any CPU
		{A7012BDF-C7A2-4AB3-834E-616B75AD2EDB}.Debug|Any CPU.Build.0 = Debug|Any CPU
		{A7012BDF-C7A2-4AB3-834E-616B75AD2EDB}.Release|Any CPU.ActiveCfg = Release|Any CPU
		{A7012BDF-C7A2-4AB3-834E-616B75AD2EDB}.Release|Any CPU.Build.0 = Release|Any CPU
		{F2966AF0-538A-46B7-A5A5-7EF99881324D}.Debug|Any CPU.ActiveCfg = Debug|Any CPU
		{F2966AF0-538A-46B7-A5A5-7EF99881324D}.Debug|Any CPU.Build.0 = Debug|Any CPU
		{F2966AF0-538A-46B7-A5A5-7EF99881324D}.Release|Any CPU.ActiveCfg = Release|Any CPU
		{F2966AF0-538A-46B7-A5A5-7EF99881324D}.Release|Any CPU.Build.0 = Release|Any CPU
		{2E98DCF2-E5A0-4502-AD9A-0A2BDA49B230}.Debug|Any CPU.ActiveCfg = Debug|Any CPU
		{2E98DCF2-E5A0-4502-AD9A-0A2BDA49B230}.Debug|Any CPU.Build.0 = Debug|Any CPU
		{2E98DCF2-E5A0-4502-AD9A-0A2BDA49B230}.Release|Any CPU.ActiveCfg = Release|Any CPU
		{2E98DCF2-E5A0-4502-AD9A-0A2BDA49B230}.Release|Any CPU.Build.0 = Release|Any CPU
		{40F8C3ED-4A7E-4749-97F7-62C9714FE1C0}.Debug|Any CPU.ActiveCfg = Debug|Any CPU
		{40F8C3ED-4A7E-4749-97F7-62C9714FE1C0}.Debug|Any CPU.Build.0 = Debug|Any CPU
		{40F8C3ED-4A7E-4749-97F7-62C9714FE1C0}.Release|Any CPU.ActiveCfg = Release|Any CPU
		{40F8C3ED-4A7E-4749-97F7-62C9714FE1C0}.Release|Any CPU.Build.0 = Release|Any CPU
		{A6F0B71E-EAF1-40AC-94F1-BEC6571B7EC9}.Debug|Any CPU.ActiveCfg = Debug|Any CPU
		{A6F0B71E-EAF1-40AC-94F1-BEC6571B7EC9}.Debug|Any CPU.Build.0 = Debug|Any CPU
		{A6F0B71E-EAF1-40AC-94F1-BEC6571B7EC9}.Release|Any CPU.ActiveCfg = Release|Any CPU
		{A6F0B71E-EAF1-40AC-94F1-BEC6571B7EC9}.Release|Any CPU.Build.0 = Release|Any CPU
		{091D1CA3-40F8-4D84-8237-ABF85196CFC7}.Debug|Any CPU.ActiveCfg = Debug|Any CPU
		{091D1CA3-40F8-4D84-8237-ABF85196CFC7}.Debug|Any CPU.Build.0 = Debug|Any CPU
		{091D1CA3-40F8-4D84-8237-ABF85196CFC7}.Release|Any CPU.ActiveCfg = Release|Any CPU
		{091D1CA3-40F8-4D84-8237-ABF85196CFC7}.Release|Any CPU.Build.0 = Release|Any CPU
		{6DC5A727-6D64-4B97-9662-8C9BB86D11B8}.Debug|Any CPU.ActiveCfg = Debug|Any CPU
		{6DC5A727-6D64-4B97-9662-8C9BB86D11B8}.Debug|Any CPU.Build.0 = Debug|Any CPU
		{6DC5A727-6D64-4B97-9662-8C9BB86D11B8}.Release|Any CPU.ActiveCfg = Release|Any CPU
		{6DC5A727-6D64-4B97-9662-8C9BB86D11B8}.Release|Any CPU.Build.0 = Release|Any CPU
		{5415B47D-4D99-40CE-BC9E-04E60BE1D3EB}.Debug|Any CPU.ActiveCfg = Debug|Any CPU
		{5415B47D-4D99-40CE-BC9E-04E60BE1D3EB}.Debug|Any CPU.Build.0 = Debug|Any CPU
		{5415B47D-4D99-40CE-BC9E-04E60BE1D3EB}.Release|Any CPU.ActiveCfg = Release|Any CPU
		{5415B47D-4D99-40CE-BC9E-04E60BE1D3EB}.Release|Any CPU.Build.0 = Release|Any CPU
		{8904FEB9-422B-42C1-8D2C-9F5800CEB754}.Debug|Any CPU.ActiveCfg = Debug|Any CPU
		{8904FEB9-422B-42C1-8D2C-9F5800CEB754}.Debug|Any CPU.Build.0 = Debug|Any CPU
		{8904FEB9-422B-42C1-8D2C-9F5800CEB754}.Release|Any CPU.ActiveCfg = Release|Any CPU
		{8904FEB9-422B-42C1-8D2C-9F5800CEB754}.Release|Any CPU.Build.0 = Release|Any CPU
		{B72EB106-076D-4874-8700-C7321F3670C1}.Debug|Any CPU.ActiveCfg = Debug|Any CPU
		{B72EB106-076D-4874-8700-C7321F3670C1}.Debug|Any CPU.Build.0 = Debug|Any CPU
		{B72EB106-076D-4874-8700-C7321F3670C1}.Release|Any CPU.ActiveCfg = Release|Any CPU
		{B72EB106-076D-4874-8700-C7321F3670C1}.Release|Any CPU.Build.0 = Release|Any CPU
		{4E74E35B-E290-46D9-8276-F2CD39CED98A}.Debug|Any CPU.ActiveCfg = Debug|Any CPU
		{4E74E35B-E290-46D9-8276-F2CD39CED98A}.Debug|Any CPU.Build.0 = Debug|Any CPU
		{4E74E35B-E290-46D9-8276-F2CD39CED98A}.Release|Any CPU.ActiveCfg = Release|Any CPU
		{4E74E35B-E290-46D9-8276-F2CD39CED98A}.Release|Any CPU.Build.0 = Release|Any CPU
		{EC6024C6-CB67-4B30-A156-4D8E8782FCF6}.Debug|Any CPU.ActiveCfg = Debug|Any CPU
		{EC6024C6-CB67-4B30-A156-4D8E8782FCF6}.Debug|Any CPU.Build.0 = Debug|Any CPU
		{EC6024C6-CB67-4B30-A156-4D8E8782FCF6}.Release|Any CPU.ActiveCfg = Release|Any CPU
		{EC6024C6-CB67-4B30-A156-4D8E8782FCF6}.Release|Any CPU.Build.0 = Release|Any CPU
		{B78F0A7D-0B2D-4323-B251-91C4CB6E715F}.Debug|Any CPU.ActiveCfg = Debug|Any CPU
		{B78F0A7D-0B2D-4323-B251-91C4CB6E715F}.Debug|Any CPU.Build.0 = Debug|Any CPU
		{B78F0A7D-0B2D-4323-B251-91C4CB6E715F}.Release|Any CPU.ActiveCfg = Release|Any CPU
		{B78F0A7D-0B2D-4323-B251-91C4CB6E715F}.Release|Any CPU.Build.0 = Release|Any CPU
		{2250CCEC-9426-430B-AC0F-DE8905E6A413}.Debug|Any CPU.ActiveCfg = Debug|Any CPU
		{2250CCEC-9426-430B-AC0F-DE8905E6A413}.Debug|Any CPU.Build.0 = Debug|Any CPU
		{2250CCEC-9426-430B-AC0F-DE8905E6A413}.Release|Any CPU.ActiveCfg = Release|Any CPU
		{2250CCEC-9426-430B-AC0F-DE8905E6A413}.Release|Any CPU.Build.0 = Release|Any CPU
		{FF2603C3-A08B-492A-9639-91261F4CDC15}.Debug|Any CPU.ActiveCfg = Debug|Any CPU
		{FF2603C3-A08B-492A-9639-91261F4CDC15}.Debug|Any CPU.Build.0 = Debug|Any CPU
		{FF2603C3-A08B-492A-9639-91261F4CDC15}.Release|Any CPU.ActiveCfg = Release|Any CPU
		{FF2603C3-A08B-492A-9639-91261F4CDC15}.Release|Any CPU.Build.0 = Release|Any CPU
	EndGlobalSection
	GlobalSection(SolutionProperties) = preSolution
		HideSolutionNode = FALSE
	EndGlobalSection
	GlobalSection(NestedProjects) = preSolution
		{75CAD05E-D980-49E5-9176-86862211639D} = {AFECAC21-F0A3-45A3-BBD0-545A2451ACD9}
		{F011FE42-3A40-46EB-9B77-94C1ECA5EB6B} = {75CAD05E-D980-49E5-9176-86862211639D}
		{19E2A9E4-E8F0-44FA-8067-0884B48B8218} = {AFECAC21-F0A3-45A3-BBD0-545A2451ACD9}
		{859D6808-662F-4CD4-90BD-7215387A15D2} = {19E2A9E4-E8F0-44FA-8067-0884B48B8218}
		{8F7290D0-19D2-4E7B-8540-27CF2EDA215A} = {AFECAC21-F0A3-45A3-BBD0-545A2451ACD9}
		{AB94927F-8648-406D-8159-8C48CCB6C6C8} = {8F7290D0-19D2-4E7B-8540-27CF2EDA215A}
		{04BCE902-58DA-465A-AE26-8752A5A6F7E3} = {AFECAC21-F0A3-45A3-BBD0-545A2451ACD9}
		{4B4040A5-8412-4A1B-A2B9-ECE3CAAE7718} = {04BCE902-58DA-465A-AE26-8752A5A6F7E3}
		{778B8EA0-0A80-4A18-BC37-7299A8DAB952} = {AFECAC21-F0A3-45A3-BBD0-545A2451ACD9}
		{E6FD3A35-2F54-4D1B-B595-5BC12CD28821} = {778B8EA0-0A80-4A18-BC37-7299A8DAB952}
		{82FD1039-28AE-48C5-9D70-8C07F70D2033} = {AFECAC21-F0A3-45A3-BBD0-545A2451ACD9}
		{3B893176-D8AB-4894-A929-557DDCD029D6} = {82FD1039-28AE-48C5-9D70-8C07F70D2033}
		{F0264086-8572-4513-B246-C5CD54659B77} = {AFECAC21-F0A3-45A3-BBD0-545A2451ACD9}
		{6F20CC40-4767-4412-87D4-CBF7D40B868B} = {F0264086-8572-4513-B246-C5CD54659B77}
		{D994D15A-142E-473E-BA6B-2A8C927D94A7} = {AFECAC21-F0A3-45A3-BBD0-545A2451ACD9}
		{43CE322C-3FE0-44FB-AB28-0760A0287346} = {D994D15A-142E-473E-BA6B-2A8C927D94A7}
		{FE5662F0-17B1-4C36-87C6-780D8B8B2A61} = {98F2F63A-2EAE-440A-9F66-7C09E3A48F3E}
		{8FF8F047-3072-43B2-9EB7-579DAD1B2A64} = {98F2F63A-2EAE-440A-9F66-7C09E3A48F3E}
		{7D9F96B6-A97D-49E8-B63A-B3B275196892} = {98F2F63A-2EAE-440A-9F66-7C09E3A48F3E}
		{583A0E8D-2BBF-44E8-9512-599F02CDED79} = {98F2F63A-2EAE-440A-9F66-7C09E3A48F3E}
		{CAAC948A-FDA1-40DD-87C1-AD6869955DE6} = {08DFEF54-F459-4591-B784-3C2B982549D3}
		{0C4412F0-4F9C-42BE-8336-9F127C8CC0D7} = {A7F23891-AD83-438F-9E2A-54593D861389}
		{04AD5029-08A2-43E4-ADCB-A92BE9B2408D} = {A7F23891-AD83-438F-9E2A-54593D861389}
		{19A1C3D1-0CB6-4EB2-AE21-9B32C8FAE820} = {A7F23891-AD83-438F-9E2A-54593D861389}
		{59A5FC4C-9209-4AD3-88C5-D1501B4DCB13} = {01130550-950C-4181-926C-EBDBE8683AFE}
		{C1C4CE08-123F-4642-A87E-003DCAE88B30} = {01130550-950C-4181-926C-EBDBE8683AFE}
		{F906EBFF-6D93-4729-81EE-B44F313FCE4E} = {01130550-950C-4181-926C-EBDBE8683AFE}
		{7699AB64-3EA2-4555-B197-05BF78B4CE01} = {01130550-950C-4181-926C-EBDBE8683AFE}
		{F155ED19-F3E1-4952-8BFB-F2CFA9611792} = {01130550-950C-4181-926C-EBDBE8683AFE}
		{A7012BDF-C7A2-4AB3-834E-616B75AD2EDB} = {748B96B1-EA76-43CD-9968-1B3BFCA5B2F9}
		{F2966AF0-538A-46B7-A5A5-7EF99881324D} = {748B96B1-EA76-43CD-9968-1B3BFCA5B2F9}
		{2E98DCF2-E5A0-4502-AD9A-0A2BDA49B230} = {748B96B1-EA76-43CD-9968-1B3BFCA5B2F9}
		{40F8C3ED-4A7E-4749-97F7-62C9714FE1C0} = {E9D5209A-E754-4C3F-B61A-00C40C2FDE6D}
		{A6F0B71E-EAF1-40AC-94F1-BEC6571B7EC9} = {E9D5209A-E754-4C3F-B61A-00C40C2FDE6D}
		{091D1CA3-40F8-4D84-8237-ABF85196CFC7} = {E9D5209A-E754-4C3F-B61A-00C40C2FDE6D}
		{6DC5A727-6D64-4B97-9662-8C9BB86D11B8} = {E9D5209A-E754-4C3F-B61A-00C40C2FDE6D}
		{5415B47D-4D99-40CE-BC9E-04E60BE1D3EB} = {98AF6F38-28C9-4048-97A0-A2B465B2D603}
		{8904FEB9-422B-42C1-8D2C-9F5800CEB754} = {98AF6F38-28C9-4048-97A0-A2B465B2D603}
		{B72EB106-076D-4874-8700-C7321F3670C1} = {98AF6F38-28C9-4048-97A0-A2B465B2D603}
		{4E74E35B-E290-46D9-8276-F2CD39CED98A} = {98AF6F38-28C9-4048-97A0-A2B465B2D603}
		{EC6024C6-CB67-4B30-A156-4D8E8782FCF6} = {B67D5142-D1D5-434C-8E5E-20353AF4076E}
		{B78F0A7D-0B2D-4323-B251-91C4CB6E715F} = {B67D5142-D1D5-434C-8E5E-20353AF4076E}
		{2250CCEC-9426-430B-AC0F-DE8905E6A413} = {B67D5142-D1D5-434C-8E5E-20353AF4076E}
		{FF2603C3-A08B-492A-9639-91261F4CDC15} = {B67D5142-D1D5-434C-8E5E-20353AF4076E}
	EndGlobalSection
	GlobalSection(ExtensibilityGlobals) = postSolution
		SolutionGuid = {DEA4A6B5-6839-4D3D-BB53-D85B8D1CAF09}
	EndGlobalSection
EndGlobal
