
Microsoft Visual Studio Solution File, Format Version 12.00
# Visual Studio Version 16
VisualStudioVersion = 16.0.31005.135
MinimumVisualStudioVersion = 10.0.40219.1
Project("{2150E333-8FDC-42A3-9474-1A3956D46DE8}") = "FirstFile", "FirstFile", "{AFECAC21-F0A3-45A3-BBD0-545A2451ACD9}"
EndProject
Project("{2150E333-8FDC-42A3-9474-1A3956D46DE8}") = "Problem-1-2-4", "Problem-1-2-4", "{75CAD05E-D980-49E5-9176-86862211639D}"
	ProjectSection(SolutionItems) = preProject
		Problem-1-2-4-Pool-Text.md = Problem-1-2-4-Pool-Text.md
	EndProjectSection
EndProject
Project("{9A19103F-16F7-4668-BE54-9A1E7A4F7556}") = "Problem-1-2-4-Pool", "Problem-1-Pool\Problem-1-2-4-Pool.csproj", "{F011FE42-3A40-46EB-9B77-94C1ECA5EB6B}"
EndProject
Project("{2150E333-8FDC-42A3-9474-1A3956D46DE8}") = "Problem-3", "Problem-3", "{19E2A9E4-E8F0-44FA-8067-0884B48B8218}"
	ProjectSection(SolutionItems) = preProject
		Problem-3-CoordSystem-Text.txt = Problem-3-CoordSystem-Text.txt
	EndProjectSection
EndProject
Project("{9A19103F-16F7-4668-BE54-9A1E7A4F7556}") = "Problem-3-CoordSystem", "Problem-3-CoordSystem\Problem-3-CoordSystem.csproj", "{859D6808-662F-4CD4-90BD-7215387A15D2}"
EndProject
Global
	GlobalSection(SolutionConfigurationPlatforms) = preSolution
		Debug|Any CPU = Debug|Any CPU
		Release|Any CPU = Release|Any CPU
	EndGlobalSection
	GlobalSection(ProjectConfigurationPlatforms) = postSolution
		{F011FE42-3A40-46EB-9B77-94C1ECA5EB6B}.Debug|Any CPU.ActiveCfg = Debug|Any CPU
		{F011FE42-3A40-46EB-9B77-94C1ECA5EB6B}.Debug|Any CPU.Build.0 = Debug|Any CPU
		{F011FE42-3A40-46EB-9B77-94C1ECA5EB6B}.Release|Any CPU.ActiveCfg = Release|Any CPU
		{F011FE42-3A40-46EB-9B77-94C1ECA5EB6B}.Release|Any CPU.Build.0 = Release|Any CPU
		{859D6808-662F-4CD4-90BD-7215387A15D2}.Debug|Any CPU.ActiveCfg = Debug|Any CPU
		{859D6808-662F-4CD4-90BD-7215387A15D2}.Debug|Any CPU.Build.0 = Debug|Any CPU
		{859D6808-662F-4CD4-90BD-7215387A15D2}.Release|Any CPU.ActiveCfg = Release|Any CPU
		{859D6808-662F-4CD4-90BD-7215387A15D2}.Release|Any CPU.Build.0 = Release|Any CPU
	EndGlobalSection
	GlobalSection(SolutionProperties) = preSolution
		HideSolutionNode = FALSE
	EndGlobalSection
	GlobalSection(NestedProjects) = preSolution
		{75CAD05E-D980-49E5-9176-86862211639D} = {AFECAC21-F0A3-45A3-BBD0-545A2451ACD9}
		{F011FE42-3A40-46EB-9B77-94C1ECA5EB6B} = {75CAD05E-D980-49E5-9176-86862211639D}
		{19E2A9E4-E8F0-44FA-8067-0884B48B8218} = {AFECAC21-F0A3-45A3-BBD0-545A2451ACD9}
		{859D6808-662F-4CD4-90BD-7215387A15D2} = {19E2A9E4-E8F0-44FA-8067-0884B48B8218}
	EndGlobalSection
	GlobalSection(ExtensibilityGlobals) = postSolution
		SolutionGuid = {DEA4A6B5-6839-4D3D-BB53-D85B8D1CAF09}
	EndGlobalSection
EndGlobal
